// !$*UTF8*$!
{
	archiveVersion = 1;
	classes = {
	};
	objectVersion = 50;
	objects = {

/* Begin PBXBuildFile section */
		BBFF158C2639AB270027ECD2 /* main.cpp in Sources */ = {isa = PBXBuildFile; fileRef = BBFF158B2639AB270027ECD2 /* main.cpp */; };
		BBFF159A2639AFC10027ECD2 /* Person.cpp in Sources */ = {isa = PBXBuildFile; fileRef = BBFF15992639AFC10027ECD2 /* Person.cpp */; };
		BBFF159D2639B0770027ECD2 /* Sorter.cpp in Sources */ = {isa = PBXBuildFile; fileRef = BBFF159C2639B0770027ECD2 /* Sorter.cpp */; };
/* End PBXBuildFile section */

/* Begin PBXCopyFilesBuildPhase section */
		BBFF15862639AB270027ECD2 /* CopyFiles */ = {
			isa = PBXCopyFilesBuildPhase;
			buildActionMask = 2147483647;
			dstPath = /usr/share/man/man1/;
			dstSubfolderSpec = 0;
			files = (
			);
			runOnlyForDeploymentPostprocessing = 1;
		};
/* End PBXCopyFilesBuildPhase section */

/* Begin PBXFileReference section */
		BB1CA48A263D8B040036E02D /* data.txt */ = {isa = PBXFileReference; lastKnownFileType = text; path = data.txt; sourceTree = "<group>"; };
		BBFF15882639AB270027ECD2 /* lab09 */ = {isa = PBXFileReference; explicitFileType = "compiled.mach-o.executable"; includeInIndex = 0; path = lab09; sourceTree = BUILT_PRODUCTS_DIR; };
		BBFF158B2639AB270027ECD2 /* main.cpp */ = {isa = PBXFileReference; lastKnownFileType = sourcecode.cpp.cpp; path = main.cpp; sourceTree = "<group>"; };
		BBFF15962639AF790027ECD2 /* IComparable.h */ = {isa = PBXFileReference; lastKnownFileType = sourcecode.c.h; path = IComparable.h; sourceTree = "<group>"; };
		BBFF15972639AF9E0027ECD2 /* ISerializable.h */ = {isa = PBXFileReference; lastKnownFileType = sourcecode.c.h; path = ISerializable.h; sourceTree = "<group>"; };
		BBFF15982639AFB10027ECD2 /* Person.h */ = {isa = PBXFileReference; lastKnownFileType = sourcecode.c.h; path = Person.h; sourceTree = "<group>"; };
		BBFF15992639AFC10027ECD2 /* Person.cpp */ = {isa = PBXFileReference; lastKnownFileType = sourcecode.cpp.cpp; path = Person.cpp; sourceTree = "<group>"; };
		BBFF159B2639B06B0027ECD2 /* Sorter.h */ = {isa = PBXFileReference; lastKnownFileType = sourcecode.c.h; path = Sorter.h; sourceTree = "<group>"; };
		BBFF159C2639B0770027ECD2 /* Sorter.cpp */ = {isa = PBXFileReference; lastKnownFileType = sourcecode.cpp.cpp; path = Sorter.cpp; sourceTree = "<group>"; };
/* End PBXFileReference section */

/* Begin PBXFrameworksBuildPhase section */
		BBFF15852639AB270027ECD2 /* Frameworks */ = {
			isa = PBXFrameworksBuildPhase;
			buildActionMask = 2147483647;
			files = (
			);
			runOnlyForDeploymentPostprocessing = 0;
		};
/* End PBXFrameworksBuildPhase section */

/* Begin PBXGroup section */
		BBFF157F2639AB270027ECD2 = {
			isa = PBXGroup;
			children = (
				BBFF158A2639AB270027ECD2 /* lab09 */,
				BBFF15892639AB270027ECD2 /* Products */,
			);
			sourceTree = "<group>";
		};
		BBFF15892639AB270027ECD2 /* Products */ = {
			isa = PBXGroup;
			children = (
				BBFF15882639AB270027ECD2 /* lab09 */,
			);
			name = Products;
			sourceTree = "<group>";
		};
		BBFF158A2639AB270027ECD2 /* lab09 */ = {
			isa = PBXGroup;
			children = (
				BBFF158B2639AB270027ECD2 /* main.cpp */,
				BBFF15982639AFB10027ECD2 /* Person.h */,
				BBFF15992639AFC10027ECD2 /* Person.cpp */,
				BBFF15962639AF790027ECD2 /* IComparable.h */,
				BBFF15972639AF9E0027ECD2 /* ISerializable.h */,
				BB1CA48A263D8B040036E02D /* data.txt */,
				BBFF159B2639B06B0027ECD2 /* Sorter.h */,
				BBFF159C2639B0770027ECD2 /* Sorter.cpp */,
			);
			path = lab09;
			sourceTree = "<group>";
		};
/* End PBXGroup section */

/* Begin PBXNativeTarget section */
		BBFF15872639AB270027ECD2 /* lab09 */ = {
			isa = PBXNativeTarget;
			buildConfigurationList = BBFF158F2639AB270027ECD2 /* Build configuration list for PBXNativeTarget "lab09" */;
			buildPhases = (
				BBFF15842639AB270027ECD2 /* Sources */,
				BBFF15852639AB270027ECD2 /* Frameworks */,
				BBFF15862639AB270027ECD2 /* CopyFiles */,
			);
			buildRules = (
			);
			dependencies = (
			);
			name = lab09;
			productName = lab09;
			productReference = BBFF15882639AB270027ECD2 /* lab09 */;
			productType = "com.apple.product-type.tool";
		};
/* End PBXNativeTarget section */

/* Begin PBXProject section */
		BBFF15802639AB270027ECD2 /* Project object */ = {
			isa = PBXProject;
			attributes = {
				LastUpgradeCheck = 1110;
				ORGANIZATIONNAME = "Khongmeng Kormoua";
				TargetAttributes = {
					BBFF15872639AB270027ECD2 = {
						CreatedOnToolsVersion = 11.1;
					};
				};
			};
			buildConfigurationList = BBFF15832639AB270027ECD2 /* Build configuration list for PBXProject "lab09" */;
			compatibilityVersion = "Xcode 9.3";
			developmentRegion = en;
			hasScannedForEncodings = 0;
			knownRegions = (
				en,
				Base,
			);
			mainGroup = BBFF157F2639AB270027ECD2;
			productRefGroup = BBFF15892639AB270027ECD2 /* Products */;
			projectDirPath = "";
			projectRoot = "";
			targets = (
				BBFF15872639AB270027ECD2 /* lab09 */,
			);
		};
/* End PBXProject section */

/* Begin PBXSourcesBuildPhase section */
		BBFF15842639AB270027ECD2 /* Sources */ = {
			isa = PBXSourcesBuildPhase;
			buildActionMask = 2147483647;
			files = (
				BBFF158C2639AB270027ECD2 /* main.cpp in Sources */,
				BBFF159A2639AFC10027ECD2 /* Person.cpp in Sources */,
				BBFF159D2639B0770027ECD2 /* Sorter.cpp in Sources */,
			);
			runOnlyForDeploymentPostprocessing = 0;
		};
/* End PBXSourcesBuildPhase section */

/* Begin XCBuildConfiguration section */
		BBFF158D2639AB270027ECD2 /* Debug */ = {
			isa = XCBuildConfiguration;
			buildSettings = {
				ALWAYS_SEARCH_USER_PATHS = NO;
				CLANG_ANALYZER_NONNULL = YES;
				CLANG_ANALYZER_NUMBER_OBJECT_CONVERSION = YES_AGGRESSIVE;
				CLANG_CXX_LANGUAGE_STANDARD = "gnu++14";
				CLANG_CXX_LIBRARY = "libc++";
				CLANG_ENABLE_MODULES = YES;
				CLANG_ENABLE_OBJC_ARC = YES;
				CLANG_ENABLE_OBJC_WEAK = YES;
				CLANG_WARN_BLOCK_CAPTURE_AUTORELEASING = YES;
				CLANG_WARN_BOOL_CONVERSION = YES;
				CLANG_WARN_COMMA = YES;
				CLANG_WARN_CONSTANT_CONVERSION = YES;
				CLANG_WARN_DEPRECATED_OBJC_IMPLEMENTATIONS = YES;
				CLANG_WARN_DIRECT_OBJC_ISA_USAGE = YES_ERROR;
				CLANG_WARN_DOCUMENTATION_COMMENTS = YES;
				CLANG_WARN_EMPTY_BODY = YES;
				CLANG_WARN_ENUM_CONVERSION = YES;
				CLANG_WARN_INFINITE_RECURSION = YES;
				CLANG_WARN_INT_CONVERSION = YES;
				CLANG_WARN_NON_LITERAL_NULL_CONVERSION = YES;
				CLANG_WARN_OBJC_IMPLICIT_RETAIN_SELF = YES;
				CLANG_WARN_OBJC_LITERAL_CONVERSION = YES;
				CLANG_WARN_OBJC_ROOT_CLASS = YES_ERROR;
				CLANG_WARN_RANGE_LOOP_ANALYSIS = YES;
				CLANG_WARN_STRICT_PROTOTYPES = YES;
				CLANG_WARN_SUSPICIOUS_MOVE = YES;
				CLANG_WARN_UNGUARDED_AVAILABILITY = YES_AGGRESSIVE;
				CLANG_WARN_UNREACHABLE_CODE = YES;
				CLANG_WARN__DUPLICATE_METHOD_MATCH = YES;
				COPY_PHASE_STRIP = NO;
				DEBUG_INFORMATION_FORMAT = dwarf;
				ENABLE_STRICT_OBJC_MSGSEND = YES;
				ENABLE_TESTABILITY = YES;
				GCC_C_LANGUAGE_STANDARD = gnu11;
				GCC_DYNAMIC_NO_PIC = NO;
				GCC_NO_COMMON_BLOCKS = YES;
				GCC_OPTIMIZATION_LEVEL = 0;
				GCC_PREPROCESSOR_DEFINITIONS = (
					"DEBUG=1",
					"$(inherited)",
				);
				GCC_WARN_64_TO_32_BIT_CONVERSION = YES;
				GCC_WARN_ABOUT_RETURN_TYPE = YES_ERROR;
				GCC_WARN_UNDECLARED_SELECTOR = YES;
				GCC_WARN_UNINITIALIZED_AUTOS = YES_AGGRESSIVE;
				GCC_WARN_UNUSED_FUNCTION = YES;
				GCC_WARN_UNUSED_VARIABLE = YES;
				MACOSX_DEPLOYMENT_TARGET = 10.14;
				MTL_ENABLE_DEBUG_INFO = INCLUDE_SOURCE;
				MTL_FAST_MATH = YES;
				ONLY_ACTIVE_ARCH = YES;
				SDKROOT = macosx;
			};
			name = Debug;
		};
		BBFF158E2639AB270027ECD2 /* Release */ = {
			isa = XCBuildConfiguration;
			buildSettings = {
				ALWAYS_SEARCH_USER_PATHS = NO;
				CLANG_ANALYZER_NONNULL = YES;
				CLANG_ANALYZER_NUMBER_OBJECT_CONVERSION = YES_AGGRESSIVE;
				CLANG_CXX_LANGUAGE_STANDARD = "gnu++14";
				CLANG_CXX_LIBRARY = "libc++";
				CLANG_ENABLE_MODULES = YES;
				CLANG_ENABLE_OBJC_ARC = YES;
				CLANG_ENABLE_OBJC_WEAK = YES;
				CLANG_WARN_BLOCK_CAPTURE_AUTORELEASING = YES;
				CLANG_WARN_BOOL_CONVERSION = YES;
				CLANG_WARN_COMMA = YES;
				CLANG_WARN_CONSTANT_CONVERSION = YES;
				CLANG_WARN_DEPRECATED_OBJC_IMPLEMENTATIONS = YES;
				CLANG_WARN_DIRECT_OBJC_ISA_USAGE = YES_ERROR;
				CLANG_WARN_DOCUMENTATION_COMMENTS = YES;
				CLANG_WARN_EMPTY_BODY = YES;
				CLANG_WARN_ENUM_CONVERSION = YES;
				CLANG_WARN_INFINITE_RECURSION = YES;
				CLANG_WARN_INT_CONVERSION = YES;
				CLANG_WARN_NON_LITERAL_NULL_CONVERSION = YES;
				CLANG_WARN_OBJC_IMPLICIT_RETAIN_SELF = YES;
				CLANG_WARN_OBJC_LITERAL_CONVERSION = YES;
				CLANG_WARN_OBJC_ROOT_CLASS = YES_ERROR;
				CLANG_WARN_RANGE_LOOP_ANALYSIS = YES;
				CLANG_WARN_STRICT_PROTOTYPES = YES;
				CLANG_WARN_SUSPICIOUS_MOVE = YES;
				CLANG_WARN_UNGUARDED_AVAILABILITY = YES_AGGRESSIVE;
				CLANG_WARN_UNREACHABLE_CODE = YES;
				CLANG_WARN__DUPLICATE_METHOD_MATCH = YES;
				COPY_PHASE_STRIP = NO;
				DEBUG_INFORMATION_FORMAT = "dwarf-with-dsym";
				ENABLE_NS_ASSERTIONS = NO;
				ENABLE_STRICT_OBJC_MSGSEND = YES;
				GCC_C_LANGUAGE_STANDARD = gnu11;
				GCC_NO_COMMON_BLOCKS = YES;
				GCC_WARN_64_TO_32_BIT_CONVERSION = YES;
				GCC_WARN_ABOUT_RETURN_TYPE = YES_ERROR;
				GCC_WARN_UNDECLARED_SELECTOR = YES;
				GCC_WARN_UNINITIALIZED_AUTOS = YES_AGGRESSIVE;
				GCC_WARN_UNUSED_FUNCTION = YES;
				GCC_WARN_UNUSED_VARIABLE = YES;
				MACOSX_DEPLOYMENT_TARGET = 10.14;
				MTL_ENABLE_DEBUG_INFO = NO;
				MTL_FAST_MATH = YES;
				SDKROOT = macosx;
			};
			name = Release;
		};
		BBFF15902639AB270027ECD2 /* Debug */ = {
			isa = XCBuildConfiguration;
			buildSettings = {
				CODE_SIGN_STYLE = Automatic;
				PRODUCT_NAME = "$(TARGET_NAME)";
			};
			name = Debug;
		};
		BBFF15912639AB270027ECD2 /* Release */ = {
			isa = XCBuildConfiguration;
			buildSettings = {
				CODE_SIGN_STYLE = Automatic;
				PRODUCT_NAME = "$(TARGET_NAME)";
			};
			name = Release;
		};
/* End XCBuildConfiguration section */

/* Begin XCConfigurationList section */
		BBFF15832639AB270027ECD2 /* Build configuration list for PBXProject "lab09" */ = {
			isa = XCConfigurationList;
			buildConfigurations = (
				BBFF158D2639AB270027ECD2 /* Debug */,
				BBFF158E2639AB270027ECD2 /* Release */,
			);
			defaultConfigurationIsVisible = 0;
			defaultConfigurationName = Release;
		};
		BBFF158F2639AB270027ECD2 /* Build configuration list for PBXNativeTarget "lab09" */ = {
			isa = XCConfigurationList;
			buildConfigurations = (
				BBFF15902639AB270027ECD2 /* Debug */,
				BBFF15912639AB270027ECD2 /* Release */,
			);
			defaultConfigurationIsVisible = 0;
			defaultConfigurationName = Release;
		};
/* End XCConfigurationList section */
	};
	rootObject = BBFF15802639AB270027ECD2 /* Project object */;
}
